{
    "content-hash": "fd4830cfd55c6cccbb1bbf3e9d5330d5",
    "packages": [],
    "packages-dev": [],
    "aliases": [],
    "minimum-stability": "stable",
    "stability-flags": {},
    "prefer-stable": false,
    "prefer-lowest": false,
    "platform": {
        "php": ">=8.0",
        "ext-json": "*"
    },
    "platform-dev": {},
    "plugin-api-version": "2.9.0"
}
